
Microsoft Visual Studio Solution File, Format Version 12.00
# Visual Studio Version 17
VisualStudioVersion = 17.12.35514.174 d17.12
MinimumVisualStudioVersion = 10.0.40219.1
Project("{FAE04EC0-301F-11D3-BF4B-00C04F79EFBC}") = "kartverket2025", "kartverket2025\kartverket2025.csproj", "{22CA7A4B-28E6-47B1-8EEA-197CD1F8196E}"
EndProject
Global
	GlobalSection(SolutionConfigurationPlatforms) = preSolution
		Debug|Any CPU = Debug|Any CPU
		Release|Any CPU = Release|Any CPU
	EndGlobalSection
	GlobalSection(ProjectConfigurationPlatforms) = postSolution
		{22CA7A4B-28E6-47B1-8EEA-197CD1F8196E}.Debug|Any CPU.ActiveCfg = Debug|Any CPU
		{22CA7A4B-28E6-47B1-8EEA-197CD1F8196E}.Debug|Any CPU.Build.0 = Debug|Any CPU
		{22CA7A4B-28E6-47B1-8EEA-197CD1F8196E}.Release|Any CPU.ActiveCfg = Release|Any CPU
		{22CA7A4B-28E6-47B1-8EEA-197CD1F8196E}.Release|Any CPU.Build.0 = Release|Any CPU
	EndGlobalSection
	GlobalSection(SolutionProperties) = preSolution
		HideSolutionNode = FALSE
	EndGlobalSection
EndGlobal
